
Microsoft Visual Studio Solution File, Format Version 12.00
# Visual Studio Version 17
VisualStudioVersion = 17.5.33627.172
MinimumVisualStudioVersion = 10.0.40219.1
Project("{9A19103F-16F7-4668-BE54-9A1E7A4F7556}") = "UltimateWebApplication", "UltimateWebApplication\UltimateWebApplication.csproj", "{E6207210-0D46-498D-BDB6-2C1E14D26B60}"
EndProject
Project("{9A19103F-16F7-4668-BE54-9A1E7A4F7556}") = "Contracts", "Contracts\Contracts.csproj", "{3EDD3AC0-BAFD-4902-BE08-13B9B1ABDF60}"
EndProject
Project("{9A19103F-16F7-4668-BE54-9A1E7A4F7556}") = "LoggerService", "LoggerService\LoggerService.csproj", "{0EDEF7BF-2C60-4607-90F5-1A075D715B7C}"
EndProject
Project("{9A19103F-16F7-4668-BE54-9A1E7A4F7556}") = "Entities", "Entities\Entities.csproj", "{ECE339D9-1CDE-4F65-8BF3-039B6C808650}"
EndProject
Project("{9A19103F-16F7-4668-BE54-9A1E7A4F7556}") = "Repository", "Repository\Repository.csproj", "{BED96FA7-CC4D-4791-A7EE-F639BE7EB6A3}"
EndProject
Project("{9A19103F-16F7-4668-BE54-9A1E7A4F7556}") = "Service.Contracts", "Service.Contracts\Service.Contracts.csproj", "{2D3DB316-DAAA-44DD-B2EE-0D86A909B268}"
EndProject
Project("{9A19103F-16F7-4668-BE54-9A1E7A4F7556}") = "Services", "Services\Services.csproj", "{EF20409A-8EA5-4AAF-A2D6-A990444C8497}"
EndProject
Project("{9A19103F-16F7-4668-BE54-9A1E7A4F7556}") = "Presentation", "Presentation\Presentation.csproj", "{61A8E4B7-3AD5-4830-8CEF-DB5821574E26}"
EndProject
Project("{FAE04EC0-301F-11D3-BF4B-00C04F79EFBC}") = "Shared", "Shared\Shared.csproj", "{13FC684E-E3F2-4BA2-929E-EFEE08F24ED2}"
EndProject
Global
	GlobalSection(SolutionConfigurationPlatforms) = preSolution
		Debug|Any CPU = Debug|Any CPU
		Release|Any CPU = Release|Any CPU
	EndGlobalSection
	GlobalSection(ProjectConfigurationPlatforms) = postSolution
		{E6207210-0D46-498D-BDB6-2C1E14D26B60}.Debug|Any CPU.ActiveCfg = Debug|Any CPU
		{E6207210-0D46-498D-BDB6-2C1E14D26B60}.Debug|Any CPU.Build.0 = Debug|Any CPU
		{E6207210-0D46-498D-BDB6-2C1E14D26B60}.Release|Any CPU.ActiveCfg = Release|Any CPU
		{E6207210-0D46-498D-BDB6-2C1E14D26B60}.Release|Any CPU.Build.0 = Release|Any CPU
		{3EDD3AC0-BAFD-4902-BE08-13B9B1ABDF60}.Debug|Any CPU.ActiveCfg = Debug|Any CPU
		{3EDD3AC0-BAFD-4902-BE08-13B9B1ABDF60}.Debug|Any CPU.Build.0 = Debug|Any CPU
		{3EDD3AC0-BAFD-4902-BE08-13B9B1ABDF60}.Release|Any CPU.ActiveCfg = Release|Any CPU
		{3EDD3AC0-BAFD-4902-BE08-13B9B1ABDF60}.Release|Any CPU.Build.0 = Release|Any CPU
		{0EDEF7BF-2C60-4607-90F5-1A075D715B7C}.Debug|Any CPU.ActiveCfg = Debug|Any CPU
		{0EDEF7BF-2C60-4607-90F5-1A075D715B7C}.Debug|Any CPU.Build.0 = Debug|Any CPU
		{0EDEF7BF-2C60-4607-90F5-1A075D715B7C}.Release|Any CPU.ActiveCfg = Release|Any CPU
		{0EDEF7BF-2C60-4607-90F5-1A075D715B7C}.Release|Any CPU.Build.0 = Release|Any CPU
		{ECE339D9-1CDE-4F65-8BF3-039B6C808650}.Debug|Any CPU.ActiveCfg = Debug|Any CPU
		{ECE339D9-1CDE-4F65-8BF3-039B6C808650}.Debug|Any CPU.Build.0 = Debug|Any CPU
		{ECE339D9-1CDE-4F65-8BF3-039B6C808650}.Release|Any CPU.ActiveCfg = Release|Any CPU
		{ECE339D9-1CDE-4F65-8BF3-039B6C808650}.Release|Any CPU.Build.0 = Release|Any CPU
		{BED96FA7-CC4D-4791-A7EE-F639BE7EB6A3}.Debug|Any CPU.ActiveCfg = Debug|Any CPU
		{BED96FA7-CC4D-4791-A7EE-F639BE7EB6A3}.Debug|Any CPU.Build.0 = Debug|Any CPU
		{BED96FA7-CC4D-4791-A7EE-F639BE7EB6A3}.Release|Any CPU.ActiveCfg = Release|Any CPU
		{BED96FA7-CC4D-4791-A7EE-F639BE7EB6A3}.Release|Any CPU.Build.0 = Release|Any CPU
		{2D3DB316-DAAA-44DD-B2EE-0D86A909B268}.Debug|Any CPU.ActiveCfg = Debug|Any CPU
		{2D3DB316-DAAA-44DD-B2EE-0D86A909B268}.Debug|Any CPU.Build.0 = Debug|Any CPU
		{2D3DB316-DAAA-44DD-B2EE-0D86A909B268}.Release|Any CPU.ActiveCfg = Release|Any CPU
		{2D3DB316-DAAA-44DD-B2EE-0D86A909B268}.Release|Any CPU.Build.0 = Release|Any CPU
		{EF20409A-8EA5-4AAF-A2D6-A990444C8497}.Debug|Any CPU.ActiveCfg = Debug|Any CPU
		{EF20409A-8EA5-4AAF-A2D6-A990444C8497}.Debug|Any CPU.Build.0 = Debug|Any CPU
		{EF20409A-8EA5-4AAF-A2D6-A990444C8497}.Release|Any CPU.ActiveCfg = Release|Any CPU
		{EF20409A-8EA5-4AAF-A2D6-A990444C8497}.Release|Any CPU.Build.0 = Release|Any CPU
		{61A8E4B7-3AD5-4830-8CEF-DB5821574E26}.Debug|Any CPU.ActiveCfg = Debug|Any CPU
		{61A8E4B7-3AD5-4830-8CEF-DB5821574E26}.Debug|Any CPU.Build.0 = Debug|Any CPU
		{61A8E4B7-3AD5-4830-8CEF-DB5821574E26}.Release|Any CPU.ActiveCfg = Release|Any CPU
		{61A8E4B7-3AD5-4830-8CEF-DB5821574E26}.Release|Any CPU.Build.0 = Release|Any CPU
		{13FC684E-E3F2-4BA2-929E-EFEE08F24ED2}.Debug|Any CPU.ActiveCfg = Debug|Any CPU
		{13FC684E-E3F2-4BA2-929E-EFEE08F24ED2}.Debug|Any CPU.Build.0 = Debug|Any CPU
		{13FC684E-E3F2-4BA2-929E-EFEE08F24ED2}.Release|Any CPU.ActiveCfg = Release|Any CPU
		{13FC684E-E3F2-4BA2-929E-EFEE08F24ED2}.Release|Any CPU.Build.0 = Release|Any CPU
	EndGlobalSection
	GlobalSection(SolutionProperties) = preSolution
		HideSolutionNode = FALSE
	EndGlobalSection
	GlobalSection(ExtensibilityGlobals) = postSolution
		SolutionGuid = {E2CB28FF-1987-4F34-AFA8-5576FB2A1757}
	EndGlobalSection
EndGlobal
